
Microsoft Visual Studio Solution File, Format Version 12.00
# Visual Studio 15
VisualStudioVersion = 15.0.26730.16
MinimumVisualStudioVersion = 10.0.40219.1
Project("{8BC9CEB8-8B4A-11D0-8D11-00A0C91BC942}") = "DelVol", "DelVol\DelVol.vcxproj", "{F2DBEB2C-8953-4E0E-9C79-68E9865340EA}"
EndProject
Global
	GlobalSection(SolutionConfigurationPlatforms) = preSolution
		Debug|x64 = Debug|x64
		Debug|x86 = Debug|x86
		Release|x64 = Release|x64
		Release|x86 = Release|x86
	EndGlobalSection
	GlobalSection(ProjectConfigurationPlatforms) = postSolution
		{F2DBEB2C-8953-4E0E-9C79-68E9865340EA}.Debug|x64.ActiveCfg = Debug|x64
		{F2DBEB2C-8953-4E0E-9C79-68E9865340EA}.Debug|x64.Build.0 = Debug|x64
		{F2DBEB2C-8953-4E0E-9C79-68E9865340EA}.Debug|x86.ActiveCfg = Debug|Win32
		{F2DBEB2C-8953-4E0E-9C79-68E9865340EA}.Debug|x86.Build.0 = Debug|Win32
		{F2DBEB2C-8953-4E0E-9C79-68E9865340EA}.Release|x64.ActiveCfg = Release|x64
		{F2DBEB2C-8953-4E0E-9C79-68E9865340EA}.Release|x64.Build.0 = Release|x64
		{F2DBEB2C-8953-4E0E-9C79-68E9865340EA}.Release|x86.ActiveCfg = Release|Win32
		{F2DBEB2C-8953-4E0E-9C79-68E9865340EA}.Release|x86.Build.0 = Release|Win32
	EndGlobalSection
	GlobalSection(SolutionProperties) = preSolution
		HideSolutionNode = FALSE
	EndGlobalSection
	GlobalSection(ExtensibilityGlobals) = postSolution
		SolutionGuid = {B48EA9B1-236C-4226-BF2E-761630E8DEC5}
	EndGlobalSection
EndGlobal
